// !$*UTF8*$!
{
	archiveVersion = 1;
	classes = {
	};
	objectVersion = 48;
	objects = {

/* Begin PBXBuildFile section */
		859A55699ED39785DE4F303F /* Pods_Smack.framework in Frameworks */ = {isa = PBXBuildFile; fileRef = 712955CAB6922A35E79B238E /* Pods_Smack.framework */; };
		8E4B13AB1F2E4824000288ED /* AppDelegate.swift in Sources */ = {isa = PBXBuildFile; fileRef = 8E4B13AA1F2E4824000288ED /* AppDelegate.swift */; };
		8E4B13B01F2E4824000288ED /* Main.storyboard in Resources */ = {isa = PBXBuildFile; fileRef = 8E4B13AE1F2E4824000288ED /* Main.storyboard */; };
		8E4B13B21F2E4824000288ED /* Assets.xcassets in Resources */ = {isa = PBXBuildFile; fileRef = 8E4B13B11F2E4824000288ED /* Assets.xcassets */; };
		8E4B13B51F2E4824000288ED /* LaunchScreen.storyboard in Resources */ = {isa = PBXBuildFile; fileRef = 8E4B13B31F2E4824000288ED /* LaunchScreen.storyboard */; };
		8E6F10561F34F666007B487D /* GradientView.swift in Sources */ = {isa = PBXBuildFile; fileRef = 8E6F10551F34F666007B487D /* GradientView.swift */; };
		8E6F10591F35110A007B487D /* Constants.swift in Sources */ = {isa = PBXBuildFile; fileRef = 8E6F10581F35110A007B487D /* Constants.swift */; };
		8E6F105B1F351515007B487D /* LoginVC.swift in Sources */ = {isa = PBXBuildFile; fileRef = 8E6F105A1F351515007B487D /* LoginVC.swift */; };
		8E6F105D1F351655007B487D /* CreateAccountVC.swift in Sources */ = {isa = PBXBuildFile; fileRef = 8E6F105C1F351655007B487D /* CreateAccountVC.swift */; };
		8EE589801F34E5DB00D35B8A /* ChatVC.swift in Sources */ = {isa = PBXBuildFile; fileRef = 8EE5897F1F34E5DB00D35B8A /* ChatVC.swift */; };
		8EE589821F34E5EA00D35B8A /* ChannelVC.swift in Sources */ = {isa = PBXBuildFile; fileRef = 8EE589811F34E5EA00D35B8A /* ChannelVC.swift */; };
		8EFE58591F2E4EAB001D3D0E /* SWRevealViewController.m in Sources */ = {isa = PBXBuildFile; fileRef = 8EFE58581F2E4EAB001D3D0E /* SWRevealViewController.m */; };
/* End PBXBuildFile section */

/* Begin PBXFileReference section */
		712955CAB6922A35E79B238E /* Pods_Smack.framework */ = {isa = PBXFileReference; explicitFileType = wrapper.framework; includeInIndex = 0; path = Pods_Smack.framework; sourceTree = BUILT_PRODUCTS_DIR; };
		8E4B13A71F2E4824000288ED /* Smack.app */ = {isa = PBXFileReference; explicitFileType = wrapper.application; includeInIndex = 0; path = Smack.app; sourceTree = BUILT_PRODUCTS_DIR; };
		8E4B13AA1F2E4824000288ED /* AppDelegate.swift */ = {isa = PBXFileReference; lastKnownFileType = sourcecode.swift; path = AppDelegate.swift; sourceTree = "<group>"; };
		8E4B13AF1F2E4824000288ED /* Base */ = {isa = PBXFileReference; lastKnownFileType = file.storyboard; name = Base; path = Base.lproj/Main.storyboard; sourceTree = "<group>"; };
		8E4B13B11F2E4824000288ED /* Assets.xcassets */ = {isa = PBXFileReference; lastKnownFileType = folder.assetcatalog; path = Assets.xcassets; sourceTree = "<group>"; };
		8E4B13B41F2E4824000288ED /* Base */ = {isa = PBXFileReference; lastKnownFileType = file.storyboard; name = Base; path = Base.lproj/LaunchScreen.storyboard; sourceTree = "<group>"; };
		8E4B13B61F2E4824000288ED /* Info.plist */ = {isa = PBXFileReference; lastKnownFileType = text.plist.xml; path = Info.plist; sourceTree = "<group>"; };
		8E6F10551F34F666007B487D /* GradientView.swift */ = {isa = PBXFileReference; lastKnownFileType = sourcecode.swift; path = GradientView.swift; sourceTree = "<group>"; };
		8E6F10581F35110A007B487D /* Constants.swift */ = {isa = PBXFileReference; lastKnownFileType = sourcecode.swift; path = Constants.swift; sourceTree = "<group>"; };
		8E6F105A1F351515007B487D /* LoginVC.swift */ = {isa = PBXFileReference; lastKnownFileType = sourcecode.swift; path = LoginVC.swift; sourceTree = "<group>"; };
		8E6F105C1F351655007B487D /* CreateAccountVC.swift */ = {isa = PBXFileReference; lastKnownFileType = sourcecode.swift; path = CreateAccountVC.swift; sourceTree = "<group>"; };
		8EE5897F1F34E5DB00D35B8A /* ChatVC.swift */ = {isa = PBXFileReference; lastKnownFileType = sourcecode.swift; path = ChatVC.swift; sourceTree = "<group>"; };
		8EE589811F34E5EA00D35B8A /* ChannelVC.swift */ = {isa = PBXFileReference; lastKnownFileType = sourcecode.swift; path = ChannelVC.swift; sourceTree = "<group>"; };
		8EFE58561F2E4EAA001D3D0E /* Smack-Bridging-Header.h */ = {isa = PBXFileReference; lastKnownFileType = sourcecode.c.h; path = "Smack-Bridging-Header.h"; sourceTree = "<group>"; };
		8EFE58571F2E4EAB001D3D0E /* SWRevealViewController.h */ = {isa = PBXFileReference; fileEncoding = 4; lastKnownFileType = sourcecode.c.h; name = SWRevealViewController.h; path = "../../../../Downloads/SWRevealViewController-master/SWRevealViewController/SWRevealViewController.h"; sourceTree = "<group>"; };
		8EFE58581F2E4EAB001D3D0E /* SWRevealViewController.m */ = {isa = PBXFileReference; fileEncoding = 4; lastKnownFileType = sourcecode.c.objc; name = SWRevealViewController.m; path = "../../../../Downloads/SWRevealViewController-master/SWRevealViewController/SWRevealViewController.m"; sourceTree = "<group>"; };
		C1BAAE52CC2599F1CCB672FA /* Pods-Smack.release.xcconfig */ = {isa = PBXFileReference; includeInIndex = 1; lastKnownFileType = text.xcconfig; name = "Pods-Smack.release.xcconfig"; path = "Pods/Target Support Files/Pods-Smack/Pods-Smack.release.xcconfig"; sourceTree = "<group>"; };
		EB548EEB8815CD5278698042 /* Pods-Smack.debug.xcconfig */ = {isa = PBXFileReference; includeInIndex = 1; lastKnownFileType = text.xcconfig; name = "Pods-Smack.debug.xcconfig"; path = "Pods/Target Support Files/Pods-Smack/Pods-Smack.debug.xcconfig"; sourceTree = "<group>"; };
/* End PBXFileReference section */

/* Begin PBXFrameworksBuildPhase section */
		8E4B13A41F2E4824000288ED /* Frameworks */ = {
			isa = PBXFrameworksBuildPhase;
			buildActionMask = 2147483647;
			files = (
				859A55699ED39785DE4F303F /* Pods_Smack.framework in Frameworks */,
			);
			runOnlyForDeploymentPostprocessing = 0;
		};
/* End PBXFrameworksBuildPhase section */

/* Begin PBXGroup section */
		1236B1B0BC0D6DA6B509C59D /* Pods */ = {
			isa = PBXGroup;
			children = (
				EB548EEB8815CD5278698042 /* Pods-Smack.debug.xcconfig */,
				C1BAAE52CC2599F1CCB672FA /* Pods-Smack.release.xcconfig */,
			);
			name = Pods;
			sourceTree = "<group>";
		};
		8E4B139E1F2E4824000288ED = {
			isa = PBXGroup;
			children = (
				8E6F10571F3510F4007B487D /* Utilities */,
				8EE5897E1F34E5C100D35B8A /* View */,
				8EE5897D1F34E5B300D35B8A /* Model */,
				8EE5897C1F34E5AC00D35B8A /* Controller */,
				8EFE58551F2E4E79001D3D0E /* Supporting Files */,
				8E4B13A91F2E4824000288ED /* Smack */,
				8E4B13A81F2E4824000288ED /* Products */,
				1236B1B0BC0D6DA6B509C59D /* Pods */,
				9D88DFEDE8CCE150FE65B37B /* Frameworks */,
			);
			sourceTree = "<group>";
		};
		8E4B13A81F2E4824000288ED /* Products */ = {
			isa = PBXGroup;
			children = (
				8E4B13A71F2E4824000288ED /* Smack.app */,
			);
			name = Products;
			sourceTree = "<group>";
		};
		8E4B13A91F2E4824000288ED /* Smack */ = {
			isa = PBXGroup;
			children = (
				8E4B13AA1F2E4824000288ED /* AppDelegate.swift */,
				8E4B13AE1F2E4824000288ED /* Main.storyboard */,
				8E4B13B11F2E4824000288ED /* Assets.xcassets */,
				8E4B13B31F2E4824000288ED /* LaunchScreen.storyboard */,
				8E4B13B61F2E4824000288ED /* Info.plist */,
			);
			path = Smack;
			sourceTree = "<group>";
		};
		8E6F10571F3510F4007B487D /* Utilities */ = {
			isa = PBXGroup;
			children = (
				8E6F10581F35110A007B487D /* Constants.swift */,
			);
			path = Utilities;
			sourceTree = "<group>";
		};
		8EE5897C1F34E5AC00D35B8A /* Controller */ = {
			isa = PBXGroup;
			children = (
				8EE5897F1F34E5DB00D35B8A /* ChatVC.swift */,
				8EE589811F34E5EA00D35B8A /* ChannelVC.swift */,
				8E6F105A1F351515007B487D /* LoginVC.swift */,
				8E6F105C1F351655007B487D /* CreateAccountVC.swift */,
			);
			path = Controller;
			sourceTree = "<group>";
		};
		8EE5897D1F34E5B300D35B8A /* Model */ = {
			isa = PBXGroup;
			children = (
			);
			path = Model;
			sourceTree = "<group>";
		};
		8EE5897E1F34E5C100D35B8A /* View */ = {
			isa = PBXGroup;
			children = (
				8E6F10551F34F666007B487D /* GradientView.swift */,
			);
			path = View;
			sourceTree = "<group>";
		};
		8EFE58551F2E4E79001D3D0E /* Supporting Files */ = {
			isa = PBXGroup;
			children = (
				8EFE58571F2E4EAB001D3D0E /* SWRevealViewController.h */,
				8EFE58581F2E4EAB001D3D0E /* SWRevealViewController.m */,
				8EFE58561F2E4EAA001D3D0E /* Smack-Bridging-Header.h */,
			);
			path = "Supporting Files";
			sourceTree = "<group>";
		};
		9D88DFEDE8CCE150FE65B37B /* Frameworks */ = {
			isa = PBXGroup;
			children = (
				712955CAB6922A35E79B238E /* Pods_Smack.framework */,
			);
			name = Frameworks;
			sourceTree = "<group>";
		};
/* End PBXGroup section */

/* Begin PBXNativeTarget section */
		8E4B13A61F2E4824000288ED /* Smack */ = {
			isa = PBXNativeTarget;
			buildConfigurationList = 8E4B13B91F2E4824000288ED /* Build configuration list for PBXNativeTarget "Smack" */;
			buildPhases = (
				F9BFBDAD94F80EECC4EF1ED8 /* [CP] Check Pods Manifest.lock */,
				8E4B13A31F2E4824000288ED /* Sources */,
				8E4B13A41F2E4824000288ED /* Frameworks */,
				8E4B13A51F2E4824000288ED /* Resources */,
				1F4AF351C93D76E51B5CBF8B /* [CP] Embed Pods Frameworks */,
				C1CEEE6AEBB2645DD44C0284 /* [CP] Copy Pods Resources */,
			);
			buildRules = (
			);
			dependencies = (
			);
			name = Smack;
			productName = Smack;
			productReference = 8E4B13A71F2E4824000288ED /* Smack.app */;
			productType = "com.apple.product-type.application";
		};
/* End PBXNativeTarget section */

/* Begin PBXProject section */
		8E4B139F1F2E4824000288ED /* Project object */ = {
			isa = PBXProject;
			attributes = {
				LastSwiftUpdateCheck = 0900;
				LastUpgradeCheck = 0900;
				ORGANIZATIONNAME = "Artisan Branding";
				TargetAttributes = {
					8E4B13A61F2E4824000288ED = {
						CreatedOnToolsVersion = 9.0;
						LastSwiftMigration = 0900;
					};
				};
			};
			buildConfigurationList = 8E4B13A21F2E4824000288ED /* Build configuration list for PBXProject "Smack" */;
			compatibilityVersion = "Xcode 8.0";
			developmentRegion = en;
			hasScannedForEncodings = 0;
			knownRegions = (
				en,
				Base,
			);
			mainGroup = 8E4B139E1F2E4824000288ED;
			productRefGroup = 8E4B13A81F2E4824000288ED /* Products */;
			projectDirPath = "";
			projectRoot = "";
			targets = (
				8E4B13A61F2E4824000288ED /* Smack */,
			);
		};
/* End PBXProject section */

/* Begin PBXResourcesBuildPhase section */
		8E4B13A51F2E4824000288ED /* Resources */ = {
			isa = PBXResourcesBuildPhase;
			buildActionMask = 2147483647;
			files = (
				8E4B13B51F2E4824000288ED /* LaunchScreen.storyboard in Resources */,
				8E4B13B21F2E4824000288ED /* Assets.xcassets in Resources */,
				8E4B13B01F2E4824000288ED /* Main.storyboard in Resources */,
			);
			runOnlyForDeploymentPostprocessing = 0;
		};
/* End PBXResourcesBuildPhase section */

/* Begin PBXShellScriptBuildPhase section */
		1F4AF351C93D76E51B5CBF8B /* [CP] Embed Pods Frameworks */ = {
			isa = PBXShellScriptBuildPhase;
			buildActionMask = 2147483647;
			files = (
			);
			inputPaths = (
			);
			name = "[CP] Embed Pods Frameworks";
			outputPaths = (
			);
			runOnlyForDeploymentPostprocessing = 0;
			shellPath = /bin/sh;
			shellScript = "\"${SRCROOT}/Pods/Target Support Files/Pods-Smack/Pods-Smack-frameworks.sh\"\n";
			showEnvVarsInLog = 0;
		};
		C1CEEE6AEBB2645DD44C0284 /* [CP] Copy Pods Resources */ = {
			isa = PBXShellScriptBuildPhase;
			buildActionMask = 2147483647;
			files = (
			);
			inputPaths = (
			);
			name = "[CP] Copy Pods Resources";
			outputPaths = (
			);
			runOnlyForDeploymentPostprocessing = 0;
			shellPath = /bin/sh;
			shellScript = "\"${SRCROOT}/Pods/Target Support Files/Pods-Smack/Pods-Smack-resources.sh\"\n";
			showEnvVarsInLog = 0;
		};
		F9BFBDAD94F80EECC4EF1ED8 /* [CP] Check Pods Manifest.lock */ = {
			isa = PBXShellScriptBuildPhase;
			buildActionMask = 2147483647;
			files = (
			);
			inputPaths = (
			);
			name = "[CP] Check Pods Manifest.lock";
			outputPaths = (
			);
			runOnlyForDeploymentPostprocessing = 0;
			shellPath = /bin/sh;
			shellScript = "diff \"${PODS_ROOT}/../Podfile.lock\" \"${PODS_ROOT}/Manifest.lock\" > /dev/null\nif [ $? != 0 ] ; then\n    # print error to STDERR\n    echo \"error: The sandbox is not in sync with the Podfile.lock. Run 'pod install' or update your CocoaPods installation.\" >&2\n    exit 1\nfi\n";
			showEnvVarsInLog = 0;
		};
/* End PBXShellScriptBuildPhase section */

/* Begin PBXSourcesBuildPhase section */
		8E4B13A31F2E4824000288ED /* Sources */ = {
			isa = PBXSourcesBuildPhase;
			buildActionMask = 2147483647;
			files = (
				8EE589821F34E5EA00D35B8A /* ChannelVC.swift in Sources */,
				8EE589801F34E5DB00D35B8A /* ChatVC.swift in Sources */,
				8E6F105D1F351655007B487D /* CreateAccountVC.swift in Sources */,
				8E6F105B1F351515007B487D /* LoginVC.swift in Sources */,
				8E6F10561F34F666007B487D /* GradientView.swift in Sources */,
				8E4B13AB1F2E4824000288ED /* AppDelegate.swift in Sources */,
				8EFE58591F2E4EAB001D3D0E /* SWRevealViewController.m in Sources */,
				8E6F10591F35110A007B487D /* Constants.swift in Sources */,
			);
			runOnlyForDeploymentPostprocessing = 0;
		};
/* End PBXSourcesBuildPhase section */

/* Begin PBXVariantGroup section */
		8E4B13AE1F2E4824000288ED /* Main.storyboard */ = {
			isa = PBXVariantGroup;
			children = (
				8E4B13AF1F2E4824000288ED /* Base */,
			);
			name = Main.storyboard;
			sourceTree = "<group>";
		};
		8E4B13B31F2E4824000288ED /* LaunchScreen.storyboard */ = {
			isa = PBXVariantGroup;
			children = (
				8E4B13B41F2E4824000288ED /* Base */,
			);
			name = LaunchScreen.storyboard;
			sourceTree = "<group>";
		};
/* End PBXVariantGroup section */

/* Begin XCBuildConfiguration section */
		8E4B13B71F2E4824000288ED /* Debug */ = {
			isa = XCBuildConfiguration;
			buildSettings = {
				ALWAYS_SEARCH_USER_PATHS = NO;
				CLANG_ANALYZER_NONNULL = YES;
				CLANG_ANALYZER_NUMBER_OBJECT_CONVERSION = YES_AGGRESSIVE;
				CLANG_CXX_LANGUAGE_STANDARD = "gnu++14";
				CLANG_CXX_LIBRARY = "libc++";
				CLANG_ENABLE_MODULES = YES;
				CLANG_ENABLE_OBJC_ARC = YES;
				CLANG_WARN_BLOCK_CAPTURE_AUTORELEASING = YES;
				CLANG_WARN_BOOL_CONVERSION = YES;
				CLANG_WARN_COMMA = YES;
				CLANG_WARN_CONSTANT_CONVERSION = YES;
				CLANG_WARN_DIRECT_OBJC_ISA_USAGE = YES_ERROR;
				CLANG_WARN_DOCUMENTATION_COMMENTS = YES;
				CLANG_WARN_EMPTY_BODY = YES;
				CLANG_WARN_ENUM_CONVERSION = YES;
				CLANG_WARN_INFINITE_RECURSION = YES;
				CLANG_WARN_INT_CONVERSION = YES;
				CLANG_WARN_NON_LITERAL_NULL_CONVERSION = YES;
				CLANG_WARN_OBJC_LITERAL_CONVERSION = YES;
				CLANG_WARN_OBJC_ROOT_CLASS = YES_ERROR;
				CLANG_WARN_RANGE_LOOP_ANALYSIS = YES;
				CLANG_WARN_STRICT_PROTOTYPES = YES;
				CLANG_WARN_SUSPICIOUS_MOVE = YES;
				CLANG_WARN_UNGUARDED_AVAILABILITY = YES_AGGRESSIVE;
				CLANG_WARN_UNREACHABLE_CODE = YES;
				CLANG_WARN__DUPLICATE_METHOD_MATCH = YES;
				CODE_SIGN_IDENTITY = "iPhone Developer";
				COPY_PHASE_STRIP = NO;
				DEBUG_INFORMATION_FORMAT = dwarf;
				ENABLE_STRICT_OBJC_MSGSEND = YES;
				ENABLE_TESTABILITY = YES;
				GCC_C_LANGUAGE_STANDARD = gnu11;
				GCC_DYNAMIC_NO_PIC = NO;
				GCC_NO_COMMON_BLOCKS = YES;
				GCC_OPTIMIZATION_LEVEL = 0;
				GCC_PREPROCESSOR_DEFINITIONS = (
					"DEBUG=1",
					"$(inherited)",
				);
				GCC_WARN_64_TO_32_BIT_CONVERSION = YES;
				GCC_WARN_ABOUT_RETURN_TYPE = YES_ERROR;
				GCC_WARN_UNDECLARED_SELECTOR = YES;
				GCC_WARN_UNINITIALIZED_AUTOS = YES_AGGRESSIVE;
				GCC_WARN_UNUSED_FUNCTION = YES;
				GCC_WARN_UNUSED_VARIABLE = YES;
				IPHONEOS_DEPLOYMENT_TARGET = 10.3;
				MTL_ENABLE_DEBUG_INFO = YES;
				ONLY_ACTIVE_ARCH = YES;
				SDKROOT = iphoneos;
				SWIFT_ACTIVE_COMPILATION_CONDITIONS = DEBUG;
				SWIFT_OPTIMIZATION_LEVEL = "-Onone";
			};
			name = Debug;
		};
		8E4B13B81F2E4824000288ED /* Release */ = {
			isa = XCBuildConfiguration;
			buildSettings = {
				ALWAYS_SEARCH_USER_PATHS = NO;
				CLANG_ANALYZER_NONNULL = YES;
				CLANG_ANALYZER_NUMBER_OBJECT_CONVERSION = YES_AGGRESSIVE;
				CLANG_CXX_LANGUAGE_STANDARD = "gnu++14";
				CLANG_CXX_LIBRARY = "libc++";
				CLANG_ENABLE_MODULES = YES;
				CLANG_ENABLE_OBJC_ARC = YES;
				CLANG_WARN_BLOCK_CAPTURE_AUTORELEASING = YES;
				CLANG_WARN_BOOL_CONVERSION = YES;
				CLANG_WARN_COMMA = YES;
				CLANG_WARN_CONSTANT_CONVERSION = YES;
				CLANG_WARN_DIRECT_OBJC_ISA_USAGE = YES_ERROR;
				CLANG_WARN_DOCUMENTATION_COMMENTS = YES;
				CLANG_WARN_EMPTY_BODY = YES;
				CLANG_WARN_ENUM_CONVERSION = YES;
				CLANG_WARN_INFINITE_RECURSION = YES;
				CLANG_WARN_INT_CONVERSION = YES;
				CLANG_WARN_NON_LITERAL_NULL_CONVERSION = YES;
				CLANG_WARN_OBJC_LITERAL_CONVERSION = YES;
				CLANG_WARN_OBJC_ROOT_CLASS = YES_ERROR;
				CLANG_WARN_RANGE_LOOP_ANALYSIS = YES;
				CLANG_WARN_STRICT_PROTOTYPES = YES;
				CLANG_WARN_SUSPICIOUS_MOVE = YES;
				CLANG_WARN_UNGUARDED_AVAILABILITY = YES_AGGRESSIVE;
				CLANG_WARN_UNREACHABLE_CODE = YES;
				CLANG_WARN__DUPLICATE_METHOD_MATCH = YES;
				CODE_SIGN_IDENTITY = "iPhone Developer";
				COPY_PHASE_STRIP = NO;
				DEBUG_INFORMATION_FORMAT = "dwarf-with-dsym";
				ENABLE_NS_ASSERTIONS = NO;
				ENABLE_STRICT_OBJC_MSGSEND = YES;
				GCC_C_LANGUAGE_STANDARD = gnu11;
				GCC_NO_COMMON_BLOCKS = YES;
				GCC_WARN_64_TO_32_BIT_CONVERSION = YES;
				GCC_WARN_ABOUT_RETURN_TYPE = YES_ERROR;
				GCC_WARN_UNDECLARED_SELECTOR = YES;
				GCC_WARN_UNINITIALIZED_AUTOS = YES_AGGRESSIVE;
				GCC_WARN_UNUSED_FUNCTION = YES;
				GCC_WARN_UNUSED_VARIABLE = YES;
				IPHONEOS_DEPLOYMENT_TARGET = 10.3;
				MTL_ENABLE_DEBUG_INFO = NO;
				SDKROOT = iphoneos;
				SWIFT_OPTIMIZATION_LEVEL = "-Owholemodule";
				VALIDATE_PRODUCT = YES;
			};
			name = Release;
		};
		8E4B13BA1F2E4824000288ED /* Debug */ = {
			isa = XCBuildConfiguration;
			baseConfigurationReference = EB548EEB8815CD5278698042 /* Pods-Smack.debug.xcconfig */;
			buildSettings = {
				ASSETCATALOG_COMPILER_APPICON_NAME = AppIcon;
				CLANG_ENABLE_MODULES = YES;
				DEVELOPMENT_TEAM = LR4SP9C264;
				INFOPLIST_FILE = Smack/Info.plist;
				IPHONEOS_DEPLOYMENT_TARGET = 10.3;
				LD_RUNPATH_SEARCH_PATHS = "$(inherited) @executable_path/Frameworks";
				PRODUCT_BUNDLE_IDENTIFIER = com.artisanbranding.com.Smack;
				PRODUCT_NAME = "$(TARGET_NAME)";
				SWIFT_OBJC_BRIDGING_HEADER = "Supporting Files/Smack-Bridging-Header.h";
				SWIFT_OPTIMIZATION_LEVEL = "-Onone";
				SWIFT_VERSION = 4.0;
				TARGETED_DEVICE_FAMILY = "1,2";
			};
			name = Debug;
		};
		8E4B13BB1F2E4824000288ED /* Release */ = {
			isa = XCBuildConfiguration;
			baseConfigurationReference = C1BAAE52CC2599F1CCB672FA /* Pods-Smack.release.xcconfig */;
			buildSettings = {
				ASSETCATALOG_COMPILER_APPICON_NAME = AppIcon;
				CLANG_ENABLE_MODULES = YES;
				DEVELOPMENT_TEAM = LR4SP9C264;
				INFOPLIST_FILE = Smack/Info.plist;
				IPHONEOS_DEPLOYMENT_TARGET = 10.3;
				LD_RUNPATH_SEARCH_PATHS = "$(inherited) @executable_path/Frameworks";
				PRODUCT_BUNDLE_IDENTIFIER = com.artisanbranding.com.Smack;
				PRODUCT_NAME = "$(TARGET_NAME)";
				SWIFT_OBJC_BRIDGING_HEADER = "Supporting Files/Smack-Bridging-Header.h";
				SWIFT_VERSION = 4.0;
				TARGETED_DEVICE_FAMILY = "1,2";
			};
			name = Release;
		};
/* End XCBuildConfiguration section */

/* Begin XCConfigurationList section */
		8E4B13A21F2E4824000288ED /* Build configuration list for PBXProject "Smack" */ = {
			isa = XCConfigurationList;
			buildConfigurations = (
				8E4B13B71F2E4824000288ED /* Debug */,
				8E4B13B81F2E4824000288ED /* Release */,
			);
			defaultConfigurationIsVisible = 0;
			defaultConfigurationName = Release;
		};
		8E4B13B91F2E4824000288ED /* Build configuration list for PBXNativeTarget "Smack" */ = {
			isa = XCConfigurationList;
			buildConfigurations = (
				8E4B13BA1F2E4824000288ED /* Debug */,
				8E4B13BB1F2E4824000288ED /* Release */,
			);
			defaultConfigurationIsVisible = 0;
			defaultConfigurationName = Release;
		};
/* End XCConfigurationList section */
	};
	rootObject = 8E4B139F1F2E4824000288ED /* Project object */;
}
